
Microsoft Visual Studio Solution File, Format Version 12.00
# Visual Studio Version 16
VisualStudioVersion = 16.0.33027.164
MinimumVisualStudioVersion = 10.0.40219.1
Project("{FAE04EC0-301F-11D3-BF4B-00C04F79EFBC}") = "New-Pet-System", "New-Pet-System.csproj", "{BBB96070-7974-4FA9-9D1C-38062F1DCEB3}"
EndProject
Global
	GlobalSection(SolutionConfigurationPlatforms) = preSolution
		Debug|Any CPU = Debug|Any CPU
		Release|Any CPU = Release|Any CPU
	EndGlobalSection
	GlobalSection(ProjectConfigurationPlatforms) = postSolution
		{BBB96070-7974-4FA9-9D1C-38062F1DCEB3}.Debug|Any CPU.ActiveCfg = Debug|Any CPU
		{BBB96070-7974-4FA9-9D1C-38062F1DCEB3}.Debug|Any CPU.Build.0 = Debug|Any CPU
		{BBB96070-7974-4FA9-9D1C-38062F1DCEB3}.Release|Any CPU.ActiveCfg = Release|Any CPU
		{BBB96070-7974-4FA9-9D1C-38062F1DCEB3}.Release|Any CPU.Build.0 = Release|Any CPU
	EndGlobalSection
	GlobalSection(SolutionProperties) = preSolution
		HideSolutionNode = FALSE
	EndGlobalSection
	GlobalSection(ExtensibilityGlobals) = postSolution
		SolutionGuid = {501A750F-1DE5-4A93-A81A-4FB0203D8EE4}
	EndGlobalSection
EndGlobal
